{
  "version": 4,
  "terraform_version": "0.14.7",
  "serial": 70,
  "lineage": "40e6dc6a-b917-2d60-0d34-2fa82b02a1b5",
  "outputs": {},
  "resources": [
    {
      "module": "module.vpc_app",
      "mode": "managed",
      "type": "aws_vpc",
      "name": "main",
      "provider": "provider[\"registry.terraform.io/hashicorp/aws\"]",
      "instances": [
        {
          "schema_version": 1,
          "attributes": {
            "arn": "arn:aws:ec2:us-east-1:589076428231:vpc/vpc-068a652a7270fa7fd",
            "assign_generated_ipv6_cidr_block": false,
            "cidr_block": "192.168.0.0/16",
            "default_network_acl_id": "acl-097bc72bee8c8c2aa",
            "default_route_table_id": "rtb-05786ea95549aaecf",
            "default_security_group_id": "sg-0f7216070ea7952ba",
            "dhcp_options_id": "dopt-44f4d73e",
            "enable_classiclink": false,
            "enable_classiclink_dns_support": false,
            "enable_dns_hostnames": false,
            "enable_dns_support": true,
            "id": "vpc-068a652a7270fa7fd",
            "instance_tenancy": "default",
            "ipv6_association_id": "",
            "ipv6_cidr_block": "",
            "main_route_table_id": "rtb-05786ea95549aaecf",
            "owner_id": "589076428231",
            "tags": {
              "Name": "my-choice-vpc"
            },
            "tags_all": {
              "Name": "my-choice-vpc"
            }
          },
          "sensitive_attributes": [],
          "private": "eyJzY2hlbWFfdmVyc2lvbiI6IjEifQ=="
        }
      ]
    }
  ]
}
